
Microsoft Visual Studio Solution File, Format Version 12.00
# Visual Studio Version 17
VisualStudioVersion = 17.0.31903.59
MinimumVisualStudioVersion = 10.0.40219.1
Project("{FAE04EC0-301F-11D3-BF4B-00C04F79EFBC}") = "GoogleAuth.Mvc", "GoogleAuth.Mvc\GoogleAuth.Mvc.csproj", "{0A77670F-A13B-461A-B2C4-91579003F4B0}"
EndProject
Project("{FAE04EC0-301F-11D3-BF4B-00C04F79EFBC}") = "GoogleAuth.Api", "GoogleAuth.Api\GoogleAuth.Api.csproj", "{3AB88562-F8ED-4189-A5D3-9D0027738B62}"
EndProject
Global
	GlobalSection(SolutionConfigurationPlatforms) = preSolution
		Debug|Any CPU = Debug|Any CPU
		Release|Any CPU = Release|Any CPU
	EndGlobalSection
	GlobalSection(SolutionProperties) = preSolution
		HideSolutionNode = FALSE
	EndGlobalSection
	GlobalSection(ProjectConfigurationPlatforms) = postSolution
		{0A77670F-A13B-461A-B2C4-91579003F4B0}.Debug|Any CPU.ActiveCfg = Debug|Any CPU
		{0A77670F-A13B-461A-B2C4-91579003F4B0}.Debug|Any CPU.Build.0 = Debug|Any CPU
		{0A77670F-A13B-461A-B2C4-91579003F4B0}.Release|Any CPU.ActiveCfg = Release|Any CPU
		{0A77670F-A13B-461A-B2C4-91579003F4B0}.Release|Any CPU.Build.0 = Release|Any CPU
		{3AB88562-F8ED-4189-A5D3-9D0027738B62}.Debug|Any CPU.ActiveCfg = Debug|Any CPU
		{3AB88562-F8ED-4189-A5D3-9D0027738B62}.Debug|Any CPU.Build.0 = Debug|Any CPU
		{3AB88562-F8ED-4189-A5D3-9D0027738B62}.Release|Any CPU.ActiveCfg = Release|Any CPU
		{3AB88562-F8ED-4189-A5D3-9D0027738B62}.Release|Any CPU.Build.0 = Release|Any CPU
	EndGlobalSection
EndGlobal
